github.com/bflad/go-module-one v0.1.0 h1:cC9JFTIJThj1G3nHXZnseBDupq2fFvwBBO9rziU9PZc=
github.com/bflad/go-module-one v0.1.0/go.mod h1:N3QpU2jcp/7mwlFPXTdhXo9F2qQL9KjassHjS/waBQ8=
github.com/bflad/go-module-three v0.1.0 h1:wQtL/Wk8J1cROlrKBakcU+/j6yZBYYtUGDZd7nDLqCs=
github.com/bflad/go-module-three v0.1.0/go.mod h1:2i55S8ibP5D/mS0WsYCA9TGRjYUz9wfC5BW4VTiTVRc=
